
Microsoft Visual Studio Solution File, Format Version 12.00
# Visual Studio Version 17
VisualStudioVersion = 17.9.34728.123
MinimumVisualStudioVersion = 10.0.40219.1
Project("{FAE04EC0-301F-11D3-BF4B-00C04F79EFBC}") = "GangaConsoleApp1", "GangaConsoleApp1\GangaConsoleApp1.csproj", "{1F078350-5A2A-4616-A24E-D086552872C6}"
EndProject
Global
	GlobalSection(SolutionConfigurationPlatforms) = preSolution
		Debug|Any CPU = Debug|Any CPU
		Release|Any CPU = Release|Any CPU
	EndGlobalSection
	GlobalSection(ProjectConfigurationPlatforms) = postSolution
		{1F078350-5A2A-4616-A24E-D086552872C6}.Debug|Any CPU.ActiveCfg = Debug|Any CPU
		{1F078350-5A2A-4616-A24E-D086552872C6}.Debug|Any CPU.Build.0 = Debug|Any CPU
		{1F078350-5A2A-4616-A24E-D086552872C6}.Release|Any CPU.ActiveCfg = Release|Any CPU
		{1F078350-5A2A-4616-A24E-D086552872C6}.Release|Any CPU.Build.0 = Release|Any CPU
	EndGlobalSection
	GlobalSection(SolutionProperties) = preSolution
		HideSolutionNode = FALSE
	EndGlobalSection
	GlobalSection(ExtensibilityGlobals) = postSolution
		SolutionGuid = {B43A7406-16D1-455F-B324-2A4C2BF30A32}
	EndGlobalSection
EndGlobal
