
Microsoft Visual Studio Solution File, Format Version 12.00
# Visual Studio Version 17
VisualStudioVersion = 17.10.34916.146
MinimumVisualStudioVersion = 10.0.40219.1
Project("{FAE04EC0-301F-11D3-BF4B-00C04F79EFBC}") = "Day25524", "Day25524\Day25524.csproj", "{C5887507-6912-49D6-8EF0-1C576DDD9A7C}"
EndProject
Global
	GlobalSection(SolutionConfigurationPlatforms) = preSolution
		Debug|Any CPU = Debug|Any CPU
		Release|Any CPU = Release|Any CPU
	EndGlobalSection
	GlobalSection(ProjectConfigurationPlatforms) = postSolution
		{C5887507-6912-49D6-8EF0-1C576DDD9A7C}.Debug|Any CPU.ActiveCfg = Debug|Any CPU
		{C5887507-6912-49D6-8EF0-1C576DDD9A7C}.Debug|Any CPU.Build.0 = Debug|Any CPU
		{C5887507-6912-49D6-8EF0-1C576DDD9A7C}.Release|Any CPU.ActiveCfg = Release|Any CPU
		{C5887507-6912-49D6-8EF0-1C576DDD9A7C}.Release|Any CPU.Build.0 = Release|Any CPU
	EndGlobalSection
	GlobalSection(SolutionProperties) = preSolution
		HideSolutionNode = FALSE
	EndGlobalSection
	GlobalSection(ExtensibilityGlobals) = postSolution
		SolutionGuid = {6885C7CC-7545-4AD4-A1F4-B255423B2052}
	EndGlobalSection
EndGlobal
