
Microsoft Visual Studio Solution File, Format Version 12.00
# Visual Studio Version 17
VisualStudioVersion = 17.9.34728.123
MinimumVisualStudioVersion = 10.0.40219.1
Project("{FAE04EC0-301F-11D3-BF4B-00C04F79EFBC}") = "Day1452024", "Day1452024\Day1452024.csproj", "{914969CB-CA7B-4DDD-868B-12006E16CE95}"
EndProject
Global
	GlobalSection(SolutionConfigurationPlatforms) = preSolution
		Debug|Any CPU = Debug|Any CPU
		Release|Any CPU = Release|Any CPU
	EndGlobalSection
	GlobalSection(ProjectConfigurationPlatforms) = postSolution
		{914969CB-CA7B-4DDD-868B-12006E16CE95}.Debug|Any CPU.ActiveCfg = Debug|Any CPU
		{914969CB-CA7B-4DDD-868B-12006E16CE95}.Debug|Any CPU.Build.0 = Debug|Any CPU
		{914969CB-CA7B-4DDD-868B-12006E16CE95}.Release|Any CPU.ActiveCfg = Release|Any CPU
		{914969CB-CA7B-4DDD-868B-12006E16CE95}.Release|Any CPU.Build.0 = Release|Any CPU
	EndGlobalSection
	GlobalSection(SolutionProperties) = preSolution
		HideSolutionNode = FALSE
	EndGlobalSection
	GlobalSection(ExtensibilityGlobals) = postSolution
		SolutionGuid = {020A98CB-6F78-467C-AD60-F4EFA7442035}
	EndGlobalSection
EndGlobal
