
Microsoft Visual Studio Solution File, Format Version 12.00
# Visual Studio Version 17
VisualStudioVersion = 17.9.34728.123
MinimumVisualStudioVersion = 10.0.40219.1
Project("{FAE04EC0-301F-11D3-BF4B-00C04F79EFBC}") = "classes", "classes\classes.csproj", "{6BBD0B30-35C4-44A4-9AB2-21703C97B5B9}"
EndProject
Global
	GlobalSection(SolutionConfigurationPlatforms) = preSolution
		Debug|Any CPU = Debug|Any CPU
		Release|Any CPU = Release|Any CPU
	EndGlobalSection
	GlobalSection(ProjectConfigurationPlatforms) = postSolution
		{6BBD0B30-35C4-44A4-9AB2-21703C97B5B9}.Debug|Any CPU.ActiveCfg = Debug|Any CPU
		{6BBD0B30-35C4-44A4-9AB2-21703C97B5B9}.Debug|Any CPU.Build.0 = Debug|Any CPU
		{6BBD0B30-35C4-44A4-9AB2-21703C97B5B9}.Release|Any CPU.ActiveCfg = Release|Any CPU
		{6BBD0B30-35C4-44A4-9AB2-21703C97B5B9}.Release|Any CPU.Build.0 = Release|Any CPU
	EndGlobalSection
	GlobalSection(SolutionProperties) = preSolution
		HideSolutionNode = FALSE
	EndGlobalSection
	GlobalSection(ExtensibilityGlobals) = postSolution
		SolutionGuid = {25EF5142-42D2-4111-A8FE-6BDD4D39F2CA}
	EndGlobalSection
EndGlobal
