
Microsoft Visual Studio Solution File, Format Version 12.00
# Visual Studio Version 17
VisualStudioVersion = 17.9.34728.123
MinimumVisualStudioVersion = 10.0.40219.1
Project("{FAE04EC0-301F-11D3-BF4B-00C04F79EFBC}") = "Day9524", "Day9524\Day9524.csproj", "{4C91AEC9-5A16-4C91-A216-466E6601CF17}"
EndProject
Global
	GlobalSection(SolutionConfigurationPlatforms) = preSolution
		Debug|Any CPU = Debug|Any CPU
		Release|Any CPU = Release|Any CPU
	EndGlobalSection
	GlobalSection(ProjectConfigurationPlatforms) = postSolution
		{4C91AEC9-5A16-4C91-A216-466E6601CF17}.Debug|Any CPU.ActiveCfg = Debug|Any CPU
		{4C91AEC9-5A16-4C91-A216-466E6601CF17}.Debug|Any CPU.Build.0 = Debug|Any CPU
		{4C91AEC9-5A16-4C91-A216-466E6601CF17}.Release|Any CPU.ActiveCfg = Release|Any CPU
		{4C91AEC9-5A16-4C91-A216-466E6601CF17}.Release|Any CPU.Build.0 = Release|Any CPU
	EndGlobalSection
	GlobalSection(SolutionProperties) = preSolution
		HideSolutionNode = FALSE
	EndGlobalSection
	GlobalSection(ExtensibilityGlobals) = postSolution
		SolutionGuid = {231EF5D7-346E-4D3E-9051-A09704512E98}
	EndGlobalSection
EndGlobal
