
Microsoft Visual Studio Solution File, Format Version 12.00
# Visual Studio Version 17
VisualStudioVersion = 17.9.34728.123
MinimumVisualStudioVersion = 10.0.40219.1
Project("{FAE04EC0-301F-11D3-BF4B-00C04F79EFBC}") = "Generics", "Generics\Generics.csproj", "{0777D260-F22F-419D-B186-A6A3E29BF5FD}"
EndProject
Global
	GlobalSection(SolutionConfigurationPlatforms) = preSolution
		Debug|Any CPU = Debug|Any CPU
		Release|Any CPU = Release|Any CPU
	EndGlobalSection
	GlobalSection(ProjectConfigurationPlatforms) = postSolution
		{0777D260-F22F-419D-B186-A6A3E29BF5FD}.Debug|Any CPU.ActiveCfg = Debug|Any CPU
		{0777D260-F22F-419D-B186-A6A3E29BF5FD}.Debug|Any CPU.Build.0 = Debug|Any CPU
		{0777D260-F22F-419D-B186-A6A3E29BF5FD}.Release|Any CPU.ActiveCfg = Release|Any CPU
		{0777D260-F22F-419D-B186-A6A3E29BF5FD}.Release|Any CPU.Build.0 = Release|Any CPU
	EndGlobalSection
	GlobalSection(SolutionProperties) = preSolution
		HideSolutionNode = FALSE
	EndGlobalSection
	GlobalSection(ExtensibilityGlobals) = postSolution
		SolutionGuid = {E15D3FE1-01CF-4D43-B74C-CF2444B30422}
	EndGlobalSection
EndGlobal
