
Microsoft Visual Studio Solution File, Format Version 12.00
# Visual Studio Version 17
VisualStudioVersion = 17.9.34728.123
MinimumVisualStudioVersion = 10.0.40219.1
Project("{FAE04EC0-301F-11D3-BF4B-00C04F79EFBC}") = "FirstCshap", "FirstCshap\FirstCshap.csproj", "{32CE7E94-6C29-4F75-B4F8-6687F50E4381}"
EndProject
Project("{FAE04EC0-301F-11D3-BF4B-00C04F79EFBC}") = "Array", "Array\Array.csproj", "{6350DFA9-39F2-4C6A-8CA0-B6C1D7C80B43}"
EndProject
Project("{FAE04EC0-301F-11D3-BF4B-00C04F79EFBC}") = "ControlFlow", "ControlFlow\ControlFlow.csproj", "{7C89A023-503E-4B65-B692-49677E5CC68C}"
EndProject
Global
	GlobalSection(SolutionConfigurationPlatforms) = preSolution
		Debug|Any CPU = Debug|Any CPU
		Release|Any CPU = Release|Any CPU
	EndGlobalSection
	GlobalSection(ProjectConfigurationPlatforms) = postSolution
		{32CE7E94-6C29-4F75-B4F8-6687F50E4381}.Debug|Any CPU.ActiveCfg = Debug|Any CPU
		{32CE7E94-6C29-4F75-B4F8-6687F50E4381}.Debug|Any CPU.Build.0 = Debug|Any CPU
		{32CE7E94-6C29-4F75-B4F8-6687F50E4381}.Release|Any CPU.ActiveCfg = Release|Any CPU
		{32CE7E94-6C29-4F75-B4F8-6687F50E4381}.Release|Any CPU.Build.0 = Release|Any CPU
		{6350DFA9-39F2-4C6A-8CA0-B6C1D7C80B43}.Debug|Any CPU.ActiveCfg = Debug|Any CPU
		{6350DFA9-39F2-4C6A-8CA0-B6C1D7C80B43}.Debug|Any CPU.Build.0 = Debug|Any CPU
		{6350DFA9-39F2-4C6A-8CA0-B6C1D7C80B43}.Release|Any CPU.ActiveCfg = Release|Any CPU
		{6350DFA9-39F2-4C6A-8CA0-B6C1D7C80B43}.Release|Any CPU.Build.0 = Release|Any CPU
		{7C89A023-503E-4B65-B692-49677E5CC68C}.Debug|Any CPU.ActiveCfg = Debug|Any CPU
		{7C89A023-503E-4B65-B692-49677E5CC68C}.Debug|Any CPU.Build.0 = Debug|Any CPU
		{7C89A023-503E-4B65-B692-49677E5CC68C}.Release|Any CPU.ActiveCfg = Release|Any CPU
		{7C89A023-503E-4B65-B692-49677E5CC68C}.Release|Any CPU.Build.0 = Release|Any CPU
	EndGlobalSection
	GlobalSection(SolutionProperties) = preSolution
		HideSolutionNode = FALSE
	EndGlobalSection
	GlobalSection(ExtensibilityGlobals) = postSolution
		SolutionGuid = {B00F0F38-60D9-4409-8E86-A2EC8E219101}
	EndGlobalSection
EndGlobal
