
Microsoft Visual Studio Solution File, Format Version 12.00
# Visual Studio Version 17
VisualStudioVersion = 17.9.34728.123
MinimumVisualStudioVersion = 10.0.40219.1
Project("{FAE04EC0-301F-11D3-BF4B-00C04F79EFBC}") = "Extenclass", "Extenclass\Extenclass.csproj", "{1F85380B-2283-43C0-BB77-724A2219F21B}"
EndProject
Global
	GlobalSection(SolutionConfigurationPlatforms) = preSolution
		Debug|Any CPU = Debug|Any CPU
		Release|Any CPU = Release|Any CPU
	EndGlobalSection
	GlobalSection(ProjectConfigurationPlatforms) = postSolution
		{1F85380B-2283-43C0-BB77-724A2219F21B}.Debug|Any CPU.ActiveCfg = Debug|Any CPU
		{1F85380B-2283-43C0-BB77-724A2219F21B}.Debug|Any CPU.Build.0 = Debug|Any CPU
		{1F85380B-2283-43C0-BB77-724A2219F21B}.Release|Any CPU.ActiveCfg = Release|Any CPU
		{1F85380B-2283-43C0-BB77-724A2219F21B}.Release|Any CPU.Build.0 = Release|Any CPU
	EndGlobalSection
	GlobalSection(SolutionProperties) = preSolution
		HideSolutionNode = FALSE
	EndGlobalSection
	GlobalSection(ExtensibilityGlobals) = postSolution
		SolutionGuid = {7437EB2B-21B5-4C09-9AEA-EF6E01728A54}
	EndGlobalSection
EndGlobal
